// !$*UTF8*$!
{
	archiveVersion = 1;
	classes = {
	};
	objectVersion = 50;
	objects = {

/* Begin PBXBuildFile section */
		55990DDE21FD06D400122308 /* AppDelegate.swift in Sources */ = {isa = PBXBuildFile; fileRef = 55990DDD21FD06D400122308 /* AppDelegate.swift */; };
		55990DE021FD06D400122308 /* ViewController.swift in Sources */ = {isa = PBXBuildFile; fileRef = 55990DDF21FD06D400122308 /* ViewController.swift */; };
		55990DE321FD06D400122308 /* Main.storyboard in Resources */ = {isa = PBXBuildFile; fileRef = 55990DE121FD06D400122308 /* Main.storyboard */; };
		55990DE521FD06D500122308 /* Assets.xcassets in Resources */ = {isa = PBXBuildFile; fileRef = 55990DE421FD06D500122308 /* Assets.xcassets */; };
		55990DE821FD06D500122308 /* LaunchScreen.storyboard in Resources */ = {isa = PBXBuildFile; fileRef = 55990DE621FD06D500122308 /* LaunchScreen.storyboard */; };
		55990DF321FD06D500122308 /* NWHacksTests.swift in Sources */ = {isa = PBXBuildFile; fileRef = 55990DF221FD06D500122308 /* NWHacksTests.swift */; };
		55990DFE21FD06D500122308 /* NWHacksUITests.swift in Sources */ = {isa = PBXBuildFile; fileRef = 55990DFD21FD06D500122308 /* NWHacksUITests.swift */; };
		55990E0D21FD09A000122308 /* NetworkController.swift in Sources */ = {isa = PBXBuildFile; fileRef = 55990E0C21FD09A000122308 /* NetworkController.swift */; };
/* End PBXBuildFile section */

/* Begin PBXContainerItemProxy section */
		55990DEF21FD06D500122308 /* PBXContainerItemProxy */ = {
			isa = PBXContainerItemProxy;
			containerPortal = 55990DD221FD06D400122308 /* Project object */;
			proxyType = 1;
			remoteGlobalIDString = 55990DD921FD06D400122308;
			remoteInfo = NWHacks;
		};
		55990DFA21FD06D500122308 /* PBXContainerItemProxy */ = {
			isa = PBXContainerItemProxy;
			containerPortal = 55990DD221FD06D400122308 /* Project object */;
			proxyType = 1;
			remoteGlobalIDString = 55990DD921FD06D400122308;
			remoteInfo = NWHacks;
		};
/* End PBXContainerItemProxy section */

/* Begin PBXFileReference section */
		55990DDA21FD06D400122308 /* NWHacks.app */ = {isa = PBXFileReference; explicitFileType = wrapper.application; includeInIndex = 0; path = NWHacks.app; sourceTree = BUILT_PRODUCTS_DIR; };
		55990DDD21FD06D400122308 /* AppDelegate.swift */ = {isa = PBXFileReference; lastKnownFileType = sourcecode.swift; path = AppDelegate.swift; sourceTree = "<group>"; };
		55990DDF21FD06D400122308 /* ViewController.swift */ = {isa = PBXFileReference; lastKnownFileType = sourcecode.swift; path = ViewController.swift; sourceTree = "<group>"; };
		55990DE221FD06D400122308 /* Base */ = {isa = PBXFileReference; lastKnownFileType = file.storyboard; name = Base; path = Base.lproj/Main.storyboard; sourceTree = "<group>"; };
		55990DE421FD06D500122308 /* Assets.xcassets */ = {isa = PBXFileReference; lastKnownFileType = folder.assetcatalog; path = Assets.xcassets; sourceTree = "<group>"; };
		55990DE721FD06D500122308 /* Base */ = {isa = PBXFileReference; lastKnownFileType = file.storyboard; name = Base; path = Base.lproj/LaunchScreen.storyboard; sourceTree = "<group>"; };
		55990DE921FD06D500122308 /* Info.plist */ = {isa = PBXFileReference; lastKnownFileType = text.plist.xml; path = Info.plist; sourceTree = "<group>"; };
		55990DEE21FD06D500122308 /* NWHacksTests.xctest */ = {isa = PBXFileReference; explicitFileType = wrapper.cfbundle; includeInIndex = 0; path = NWHacksTests.xctest; sourceTree = BUILT_PRODUCTS_DIR; };
		55990DF221FD06D500122308 /* NWHacksTests.swift */ = {isa = PBXFileReference; lastKnownFileType = sourcecode.swift; path = NWHacksTests.swift; sourceTree = "<group>"; };
		55990DF421FD06D500122308 /* Info.plist */ = {isa = PBXFileReference; lastKnownFileType = text.plist.xml; path = Info.plist; sourceTree = "<group>"; };
		55990DF921FD06D500122308 /* NWHacksUITests.xctest */ = {isa = PBXFileReference; explicitFileType = wrapper.cfbundle; includeInIndex = 0; path = NWHacksUITests.xctest; sourceTree = BUILT_PRODUCTS_DIR; };
		55990DFD21FD06D500122308 /* NWHacksUITests.swift */ = {isa = PBXFileReference; lastKnownFileType = sourcecode.swift; path = NWHacksUITests.swift; sourceTree = "<group>"; };
		55990DFF21FD06D500122308 /* Info.plist */ = {isa = PBXFileReference; lastKnownFileType = text.plist.xml; path = Info.plist; sourceTree = "<group>"; };
		55990E0C21FD09A000122308 /* NetworkController.swift */ = {isa = PBXFileReference; lastKnownFileType = sourcecode.swift; path = NetworkController.swift; sourceTree = "<group>"; };
/* End PBXFileReference section */

/* Begin PBXFrameworksBuildPhase section */
		55990DD721FD06D400122308 /* Frameworks */ = {
			isa = PBXFrameworksBuildPhase;
			buildActionMask = 2147483647;
			files = (
			);
			runOnlyForDeploymentPostprocessing = 0;
		};
		55990DEB21FD06D500122308 /* Frameworks */ = {
			isa = PBXFrameworksBuildPhase;
			buildActionMask = 2147483647;
			files = (
			);
			runOnlyForDeploymentPostprocessing = 0;
		};
		55990DF621FD06D500122308 /* Frameworks */ = {
			isa = PBXFrameworksBuildPhase;
			buildActionMask = 2147483647;
			files = (
			);
			runOnlyForDeploymentPostprocessing = 0;
		};
/* End PBXFrameworksBuildPhase section */

/* Begin PBXGroup section */
		55990DD121FD06D400122308 = {
			isa = PBXGroup;
			children = (
				55990DDC21FD06D400122308 /* NWHacks */,
				55990DF121FD06D500122308 /* NWHacksTests */,
				55990DFC21FD06D500122308 /* NWHacksUITests */,
				55990DDB21FD06D400122308 /* Products */,
			);
			sourceTree = "<group>";
		};
		55990DDB21FD06D400122308 /* Products */ = {
			isa = PBXGroup;
			children = (
				55990DDA21FD06D400122308 /* NWHacks.app */,
				55990DEE21FD06D500122308 /* NWHacksTests.xctest */,
				55990DF921FD06D500122308 /* NWHacksUITests.xctest */,
			);
			name = Products;
			sourceTree = "<group>";
		};
		55990DDC21FD06D400122308 /* NWHacks */ = {
			isa = PBXGroup;
			children = (
				55990E0B21FD096700122308 /* Network */,
				55990DDD21FD06D400122308 /* AppDelegate.swift */,
				55990DDF21FD06D400122308 /* ViewController.swift */,
				55990DE121FD06D400122308 /* Main.storyboard */,
				55990DE421FD06D500122308 /* Assets.xcassets */,
				55990DE621FD06D500122308 /* LaunchScreen.storyboard */,
				55990DE921FD06D500122308 /* Info.plist */,
			);
			path = NWHacks;
			sourceTree = "<group>";
		};
		55990DF121FD06D500122308 /* NWHacksTests */ = {
			isa = PBXGroup;
			children = (
				55990DF221FD06D500122308 /* NWHacksTests.swift */,
				55990DF421FD06D500122308 /* Info.plist */,
			);
			path = NWHacksTests;
			sourceTree = "<group>";
		};
		55990DFC21FD06D500122308 /* NWHacksUITests */ = {
			isa = PBXGroup;
			children = (
				55990DFD21FD06D500122308 /* NWHacksUITests.swift */,
				55990DFF21FD06D500122308 /* Info.plist */,
			);
			path = NWHacksUITests;
			sourceTree = "<group>";
		};
		55990E0B21FD096700122308 /* Network */ = {
			isa = PBXGroup;
			children = (
				55990E0C21FD09A000122308 /* NetworkController.swift */,
			);
			path = Network;
			sourceTree = "<group>";
		};
/* End PBXGroup section */

/* Begin PBXNativeTarget section */
		55990DD921FD06D400122308 /* NWHacks */ = {
			isa = PBXNativeTarget;
			buildConfigurationList = 55990E0221FD06D500122308 /* Build configuration list for PBXNativeTarget "NWHacks" */;
			buildPhases = (
				55990DD621FD06D400122308 /* Sources */,
				55990DD721FD06D400122308 /* Frameworks */,
				55990DD821FD06D400122308 /* Resources */,
			);
			buildRules = (
			);
			dependencies = (
			);
			name = NWHacks;
			productName = NWHacks;
			productReference = 55990DDA21FD06D400122308 /* NWHacks.app */;
			productType = "com.apple.product-type.application";
		};
		55990DED21FD06D500122308 /* NWHacksTests */ = {
			isa = PBXNativeTarget;
			buildConfigurationList = 55990E0521FD06D500122308 /* Build configuration list for PBXNativeTarget "NWHacksTests" */;
			buildPhases = (
				55990DEA21FD06D500122308 /* Sources */,
				55990DEB21FD06D500122308 /* Frameworks */,
				55990DEC21FD06D500122308 /* Resources */,
			);
			buildRules = (
			);
			dependencies = (
				55990DF021FD06D500122308 /* PBXTargetDependency */,
			);
			name = NWHacksTests;
			productName = NWHacksTests;
			productReference = 55990DEE21FD06D500122308 /* NWHacksTests.xctest */;
			productType = "com.apple.product-type.bundle.unit-test";
		};
		55990DF821FD06D500122308 /* NWHacksUITests */ = {
			isa = PBXNativeTarget;
			buildConfigurationList = 55990E0821FD06D500122308 /* Build configuration list for PBXNativeTarget "NWHacksUITests" */;
			buildPhases = (
				55990DF521FD06D500122308 /* Sources */,
				55990DF621FD06D500122308 /* Frameworks */,
				55990DF721FD06D500122308 /* Resources */,
			);
			buildRules = (
			);
			dependencies = (
				55990DFB21FD06D500122308 /* PBXTargetDependency */,
			);
			name = NWHacksUITests;
			productName = NWHacksUITests;
			productReference = 55990DF921FD06D500122308 /* NWHacksUITests.xctest */;
			productType = "com.apple.product-type.bundle.ui-testing";
		};
/* End PBXNativeTarget section */

/* Begin PBXProject section */
		55990DD221FD06D400122308 /* Project object */ = {
			isa = PBXProject;
			attributes = {
				LastSwiftUpdateCheck = 1010;
				LastUpgradeCheck = 1010;
				ORGANIZATIONNAME = Felipe;
				TargetAttributes = {
					55990DD921FD06D400122308 = {
						CreatedOnToolsVersion = 10.1;
					};
					55990DED21FD06D500122308 = {
						CreatedOnToolsVersion = 10.1;
						TestTargetID = 55990DD921FD06D400122308;
					};
					55990DF821FD06D500122308 = {
						CreatedOnToolsVersion = 10.1;
						TestTargetID = 55990DD921FD06D400122308;
					};
				};
			};
			buildConfigurationList = 55990DD521FD06D400122308 /* Build configuration list for PBXProject "NWHacks" */;
			compatibilityVersion = "Xcode 9.3";
			developmentRegion = en;
			hasScannedForEncodings = 0;
			knownRegions = (
				en,
				Base,
			);
			mainGroup = 55990DD121FD06D400122308;
			productRefGroup = 55990DDB21FD06D400122308 /* Products */;
			projectDirPath = "";
			projectRoot = "";
			targets = (
				55990DD921FD06D400122308 /* NWHacks */,
				55990DED21FD06D500122308 /* NWHacksTests */,
				55990DF821FD06D500122308 /* NWHacksUITests */,
			);
		};
/* End PBXProject section */

/* Begin PBXResourcesBuildPhase section */
		55990DD821FD06D400122308 /* Resources */ = {
			isa = PBXResourcesBuildPhase;
			buildActionMask = 2147483647;
			files = (
				55990DE821FD06D500122308 /* LaunchScreen.storyboard in Resources */,
				55990DE521FD06D500122308 /* Assets.xcassets in Resources */,
				55990DE321FD06D400122308 /* Main.storyboard in Resources */,
			);
			runOnlyForDeploymentPostprocessing = 0;
		};
		55990DEC21FD06D500122308 /* Resources */ = {
			isa = PBXResourcesBuildPhase;
			buildActionMask = 2147483647;
			files = (
			);
			runOnlyForDeploymentPostprocessing = 0;
		};
		55990DF721FD06D500122308 /* Resources */ = {
			isa = PBXResourcesBuildPhase;
			buildActionMask = 2147483647;
			files = (
			);
			runOnlyForDeploymentPostprocessing = 0;
		};
/* End PBXResourcesBuildPhase section */

/* Begin PBXSourcesBuildPhase section */
		55990DD621FD06D400122308 /* Sources */ = {
			isa = PBXSourcesBuildPhase;
			buildActionMask = 2147483647;
			files = (
				55990DE021FD06D400122308 /* ViewController.swift in Sources */,
				55990DDE21FD06D400122308 /* AppDelegate.swift in Sources */,
				55990E0D21FD09A000122308 /* NetworkController.swift in Sources */,
			);
			runOnlyForDeploymentPostprocessing = 0;
		};
		55990DEA21FD06D500122308 /* Sources */ = {
			isa = PBXSourcesBuildPhase;
			buildActionMask = 2147483647;
			files = (
				55990DF321FD06D500122308 /* NWHacksTests.swift in Sources */,
			);
			runOnlyForDeploymentPostprocessing = 0;
		};
		55990DF521FD06D500122308 /* Sources */ = {
			isa = PBXSourcesBuildPhase;
			buildActionMask = 2147483647;
			files = (
				55990DFE21FD06D500122308 /* NWHacksUITests.swift in Sources */,
			);
			runOnlyForDeploymentPostprocessing = 0;
		};
/* End PBXSourcesBuildPhase section */

/* Begin PBXTargetDependency section */
		55990DF021FD06D500122308 /* PBXTargetDependency */ = {
			isa = PBXTargetDependency;
			target = 55990DD921FD06D400122308 /* NWHacks */;
			targetProxy = 55990DEF21FD06D500122308 /* PBXContainerItemProxy */;
		};
		55990DFB21FD06D500122308 /* PBXTargetDependency */ = {
			isa = PBXTargetDependency;
			target = 55990DD921FD06D400122308 /* NWHacks */;
			targetProxy = 55990DFA21FD06D500122308 /* PBXContainerItemProxy */;
		};
/* End PBXTargetDependency section */

/* Begin PBXVariantGroup section */
		55990DE121FD06D400122308 /* Main.storyboard */ = {
			isa = PBXVariantGroup;
			children = (
				55990DE221FD06D400122308 /* Base */,
			);
			name = Main.storyboard;
			sourceTree = "<group>";
		};
		55990DE621FD06D500122308 /* LaunchScreen.storyboard */ = {
			isa = PBXVariantGroup;
			children = (
				55990DE721FD06D500122308 /* Base */,
			);
			name = LaunchScreen.storyboard;
			sourceTree = "<group>";
		};
/* End PBXVariantGroup section */

/* Begin XCBuildConfiguration section */
		55990E0021FD06D500122308 /* Debug */ = {
			isa = XCBuildConfiguration;
			buildSettings = {
				ALWAYS_SEARCH_USER_PATHS = NO;
				CLANG_ANALYZER_NONNULL = YES;
				CLANG_ANALYZER_NUMBER_OBJECT_CONVERSION = YES_AGGRESSIVE;
				CLANG_CXX_LANGUAGE_STANDARD = "gnu++14";
				CLANG_CXX_LIBRARY = "libc++";
				CLANG_ENABLE_MODULES = YES;
				CLANG_ENABLE_OBJC_ARC = YES;
				CLANG_ENABLE_OBJC_WEAK = YES;
				CLANG_WARN_BLOCK_CAPTURE_AUTORELEASING = YES;
				CLANG_WARN_BOOL_CONVERSION = YES;
				CLANG_WARN_COMMA = YES;
				CLANG_WARN_CONSTANT_CONVERSION = YES;
				CLANG_WARN_DEPRECATED_OBJC_IMPLEMENTATIONS = YES;
				CLANG_WARN_DIRECT_OBJC_ISA_USAGE = YES_ERROR;
				CLANG_WARN_DOCUMENTATION_COMMENTS = YES;
				CLANG_WARN_EMPTY_BODY = YES;
				CLANG_WARN_ENUM_CONVERSION = YES;
				CLANG_WARN_INFINITE_RECURSION = YES;
				CLANG_WARN_INT_CONVERSION = YES;
				CLANG_WARN_NON_LITERAL_NULL_CONVERSION = YES;
				CLANG_WARN_OBJC_IMPLICIT_RETAIN_SELF = YES;
				CLANG_WARN_OBJC_LITERAL_CONVERSION = YES;
				CLANG_WARN_OBJC_ROOT_CLASS = YES_ERROR;
				CLANG_WARN_RANGE_LOOP_ANALYSIS = YES;
				CLANG_WARN_STRICT_PROTOTYPES = YES;
				CLANG_WARN_SUSPICIOUS_MOVE = YES;
				CLANG_WARN_UNGUARDED_AVAILABILITY = YES_AGGRESSIVE;
				CLANG_WARN_UNREACHABLE_CODE = YES;
				CLANG_WARN__DUPLICATE_METHOD_MATCH = YES;
				CODE_SIGN_IDENTITY = "iPhone Developer";
				COPY_PHASE_STRIP = NO;
				DEBUG_INFORMATION_FORMAT = dwarf;
				ENABLE_STRICT_OBJC_MSGSEND = YES;
				ENABLE_TESTABILITY = YES;
				GCC_C_LANGUAGE_STANDARD = gnu11;
				GCC_DYNAMIC_NO_PIC = NO;
				GCC_NO_COMMON_BLOCKS = YES;
				GCC_OPTIMIZATION_LEVEL = 0;
				GCC_PREPROCESSOR_DEFINITIONS = (
					"DEBUG=1",
					"$(inherited)",
				);
				GCC_WARN_64_TO_32_BIT_CONVERSION = YES;
				GCC_WARN_ABOUT_RETURN_TYPE = YES_ERROR;
				GCC_WARN_UNDECLARED_SELECTOR = YES;
				GCC_WARN_UNINITIALIZED_AUTOS = YES_AGGRESSIVE;
				GCC_WARN_UNUSED_FUNCTION = YES;
				GCC_WARN_UNUSED_VARIABLE = YES;
				IPHONEOS_DEPLOYMENT_TARGET = 12.1;
				MTL_ENABLE_DEBUG_INFO = INCLUDE_SOURCE;
				MTL_FAST_MATH = YES;
				ONLY_ACTIVE_ARCH = YES;
				SDKROOT = iphoneos;
				SWIFT_ACTIVE_COMPILATION_CONDITIONS = DEBUG;
				SWIFT_OPTIMIZATION_LEVEL = "-Onone";
			};
			name = Debug;
		};
		55990E0121FD06D500122308 /* Release */ = {
			isa = XCBuildConfiguration;
			buildSettings = {
				ALWAYS_SEARCH_USER_PATHS = NO;
				CLANG_ANALYZER_NONNULL = YES;
				CLANG_ANALYZER_NUMBER_OBJECT_CONVERSION = YES_AGGRESSIVE;
				CLANG_CXX_LANGUAGE_STANDARD = "gnu++14";
				CLANG_CXX_LIBRARY = "libc++";
				CLANG_ENABLE_MODULES = YES;
				CLANG_ENABLE_OBJC_ARC = YES;
				CLANG_ENABLE_OBJC_WEAK = YES;
				CLANG_WARN_BLOCK_CAPTURE_AUTORELEASING = YES;
				CLANG_WARN_BOOL_CONVERSION = YES;
				CLANG_WARN_COMMA = YES;
				CLANG_WARN_CONSTANT_CONVERSION = YES;
				CLANG_WARN_DEPRECATED_OBJC_IMPLEMENTATIONS = YES;
				CLANG_WARN_DIRECT_OBJC_ISA_USAGE = YES_ERROR;
				CLANG_WARN_DOCUMENTATION_COMMENTS = YES;
				CLANG_WARN_EMPTY_BODY = YES;
				CLANG_WARN_ENUM_CONVERSION = YES;
				CLANG_WARN_INFINITE_RECURSION = YES;
				CLANG_WARN_INT_CONVERSION = YES;
				CLANG_WARN_NON_LITERAL_NULL_CONVERSION = YES;
				CLANG_WARN_OBJC_IMPLICIT_RETAIN_SELF = YES;
				CLANG_WARN_OBJC_LITERAL_CONVERSION = YES;
				CLANG_WARN_OBJC_ROOT_CLASS = YES_ERROR;
				CLANG_WARN_RANGE_LOOP_ANALYSIS = YES;
				CLANG_WARN_STRICT_PROTOTYPES = YES;
				CLANG_WARN_SUSPICIOUS_MOVE = YES;
				CLANG_WARN_UNGUARDED_AVAILABILITY = YES_AGGRESSIVE;
				CLANG_WARN_UNREACHABLE_CODE = YES;
				CLANG_WARN__DUPLICATE_METHOD_MATCH = YES;
				CODE_SIGN_IDENTITY = "iPhone Developer";
				COPY_PHASE_STRIP = NO;
				DEBUG_INFORMATION_FORMAT = "dwarf-with-dsym";
				ENABLE_NS_ASSERTIONS = NO;
				ENABLE_STRICT_OBJC_MSGSEND = YES;
				GCC_C_LANGUAGE_STANDARD = gnu11;
				GCC_NO_COMMON_BLOCKS = YES;
				GCC_WARN_64_TO_32_BIT_CONVERSION = YES;
				GCC_WARN_ABOUT_RETURN_TYPE = YES_ERROR;
				GCC_WARN_UNDECLARED_SELECTOR = YES;
				GCC_WARN_UNINITIALIZED_AUTOS = YES_AGGRESSIVE;
				GCC_WARN_UNUSED_FUNCTION = YES;
				GCC_WARN_UNUSED_VARIABLE = YES;
				IPHONEOS_DEPLOYMENT_TARGET = 12.1;
				MTL_ENABLE_DEBUG_INFO = NO;
				MTL_FAST_MATH = YES;
				SDKROOT = iphoneos;
				SWIFT_COMPILATION_MODE = wholemodule;
				SWIFT_OPTIMIZATION_LEVEL = "-O";
				VALIDATE_PRODUCT = YES;
			};
			name = Release;
		};
		55990E0321FD06D500122308 /* Debug */ = {
			isa = XCBuildConfiguration;
			buildSettings = {
				ASSETCATALOG_COMPILER_APPICON_NAME = AppIcon;
				CODE_SIGN_STYLE = Automatic;
				DEVELOPMENT_TEAM = HME6733L4B;
				INFOPLIST_FILE = NWHacks/Info.plist;
				LD_RUNPATH_SEARCH_PATHS = (
					"$(inherited)",
					"@executable_path/Frameworks",
				);
				PRODUCT_BUNDLE_IDENTIFIER = "NWHacks-Gastown4.NWHacks";
				PRODUCT_NAME = "$(TARGET_NAME)";
				SWIFT_VERSION = 4.2;
				TARGETED_DEVICE_FAMILY = "1,2";
			};
			name = Debug;
		};
		55990E0421FD06D500122308 /* Release */ = {
			isa = XCBuildConfiguration;
			buildSettings = {
				ASSETCATALOG_COMPILER_APPICON_NAME = AppIcon;
				CODE_SIGN_STYLE = Automatic;
				DEVELOPMENT_TEAM = HME6733L4B;
				INFOPLIST_FILE = NWHacks/Info.plist;
				LD_RUNPATH_SEARCH_PATHS = (
					"$(inherited)",
					"@executable_path/Frameworks",
				);
				PRODUCT_BUNDLE_IDENTIFIER = "NWHacks-Gastown4.NWHacks";
				PRODUCT_NAME = "$(TARGET_NAME)";
				SWIFT_VERSION = 4.2;
				TARGETED_DEVICE_FAMILY = "1,2";
			};
			name = Release;
		};
		55990E0621FD06D500122308 /* Debug */ = {
			isa = XCBuildConfiguration;
			buildSettings = {
				ALWAYS_EMBED_SWIFT_STANDARD_LIBRARIES = YES;
				BUNDLE_LOADER = "$(TEST_HOST)";
				CODE_SIGN_STYLE = Automatic;
				INFOPLIST_FILE = NWHacksTests/Info.plist;
				LD_RUNPATH_SEARCH_PATHS = (
					"$(inherited)",
					"@executable_path/Frameworks",
					"@loader_path/Frameworks",
				);
				PRODUCT_BUNDLE_IDENTIFIER = "NWHacks-Gastown4.NWHacksTests";
				PRODUCT_NAME = "$(TARGET_NAME)";
				SWIFT_VERSION = 4.2;
				TARGETED_DEVICE_FAMILY = "1,2";
				TEST_HOST = "$(BUILT_PRODUCTS_DIR)/NWHacks.app/NWHacks";
			};
			name = Debug;
		};
		55990E0721FD06D500122308 /* Release */ = {
			isa = XCBuildConfiguration;
			buildSettings = {
				ALWAYS_EMBED_SWIFT_STANDARD_LIBRARIES = YES;
				BUNDLE_LOADER = "$(TEST_HOST)";
				CODE_SIGN_STYLE = Automatic;
				INFOPLIST_FILE = NWHacksTests/Info.plist;
				LD_RUNPATH_SEARCH_PATHS = (
					"$(inherited)",
					"@executable_path/Frameworks",
					"@loader_path/Frameworks",
				);
				PRODUCT_BUNDLE_IDENTIFIER = "NWHacks-Gastown4.NWHacksTests";
				PRODUCT_NAME = "$(TARGET_NAME)";
				SWIFT_VERSION = 4.2;
				TARGETED_DEVICE_FAMILY = "1,2";
				TEST_HOST = "$(BUILT_PRODUCTS_DIR)/NWHacks.app/NWHacks";
			};
			name = Release;
		};
		55990E0921FD06D500122308 /* Debug */ = {
			isa = XCBuildConfiguration;
			buildSettings = {
				ALWAYS_EMBED_SWIFT_STANDARD_LIBRARIES = YES;
				CODE_SIGN_STYLE = Automatic;
				INFOPLIST_FILE = NWHacksUITests/Info.plist;
				LD_RUNPATH_SEARCH_PATHS = (
					"$(inherited)",
					"@executable_path/Frameworks",
					"@loader_path/Frameworks",
				);
				PRODUCT_BUNDLE_IDENTIFIER = "NWHacks-Gastown4.NWHacksUITests";
				PRODUCT_NAME = "$(TARGET_NAME)";
				SWIFT_VERSION = 4.2;
				TARGETED_DEVICE_FAMILY = "1,2";
				TEST_TARGET_NAME = NWHacks;
			};
			name = Debug;
		};
		55990E0A21FD06D500122308 /* Release */ = {
			isa = XCBuildConfiguration;
			buildSettings = {
				ALWAYS_EMBED_SWIFT_STANDARD_LIBRARIES = YES;
				CODE_SIGN_STYLE = Automatic;
				INFOPLIST_FILE = NWHacksUITests/Info.plist;
				LD_RUNPATH_SEARCH_PATHS = (
					"$(inherited)",
					"@executable_path/Frameworks",
					"@loader_path/Frameworks",
				);
				PRODUCT_BUNDLE_IDENTIFIER = "NWHacks-Gastown4.NWHacksUITests";
				PRODUCT_NAME = "$(TARGET_NAME)";
				SWIFT_VERSION = 4.2;
				TARGETED_DEVICE_FAMILY = "1,2";
				TEST_TARGET_NAME = NWHacks;
			};
			name = Release;
		};
/* End XCBuildConfiguration section */

/* Begin XCConfigurationList section */
		55990DD521FD06D400122308 /* Build configuration list for PBXProject "NWHacks" */ = {
			isa = XCConfigurationList;
			buildConfigurations = (
				55990E0021FD06D500122308 /* Debug */,
				55990E0121FD06D500122308 /* Release */,
			);
			defaultConfigurationIsVisible = 0;
			defaultConfigurationName = Release;
		};
		55990E0221FD06D500122308 /* Build configuration list for PBXNativeTarget "NWHacks" */ = {
			isa = XCConfigurationList;
			buildConfigurations = (
				55990E0321FD06D500122308 /* Debug */,
				55990E0421FD06D500122308 /* Release */,
			);
			defaultConfigurationIsVisible = 0;
			defaultConfigurationName = Release;
		};
		55990E0521FD06D500122308 /* Build configuration list for PBXNativeTarget "NWHacksTests" */ = {
			isa = XCConfigurationList;
			buildConfigurations = (
				55990E0621FD06D500122308 /* Debug */,
				55990E0721FD06D500122308 /* Release */,
			);
			defaultConfigurationIsVisible = 0;
			defaultConfigurationName = Release;
		};
		55990E0821FD06D500122308 /* Build configuration list for PBXNativeTarget "NWHacksUITests" */ = {
			isa = XCConfigurationList;
			buildConfigurations = (
				55990E0921FD06D500122308 /* Debug */,
				55990E0A21FD06D500122308 /* Release */,
			);
			defaultConfigurationIsVisible = 0;
			defaultConfigurationName = Release;
		};
/* End XCConfigurationList section */
	};
	rootObject = 55990DD221FD06D400122308 /* Project object */;
}
